
Microsoft Visual Studio Solution File, Format Version 12.00
# Visual Studio 2013
VisualStudioVersion = 12.0.21005.1
MinimumVisualStudioVersion = 10.0.40219.1
Project("{FAE04EC0-301F-11D3-BF4B-00C04F79EFBC}") = "Task01", "Task01\Task01.csproj", "{29A191E5-70FC-439F-8B6A-F733D7D4B2DF}"
EndProject
Project("{FAE04EC0-301F-11D3-BF4B-00C04F79EFBC}") = "Task02", "Task02\Task02.csproj", "{EBE41F18-61C2-4021-AB34-23535F4F8786}"
EndProject
Project("{FAE04EC0-301F-11D3-BF4B-00C04F79EFBC}") = "Task03", "Task03\Task03.csproj", "{968A71A1-A313-45B7-A6DE-D864866C2BE8}"
EndProject
Project("{FAE04EC0-301F-11D3-BF4B-00C04F79EFBC}") = "Task04", "Task04\Task04.csproj", "{51BCE76F-A1CB-463F-BE4F-2C4469726E5D}"
EndProject
Global
	GlobalSection(SolutionConfigurationPlatforms) = preSolution
		Debug|Any CPU = Debug|Any CPU
		Release|Any CPU = Release|Any CPU
	EndGlobalSection
	GlobalSection(ProjectConfigurationPlatforms) = postSolution
		{29A191E5-70FC-439F-8B6A-F733D7D4B2DF}.Debug|Any CPU.ActiveCfg = Debug|Any CPU
		{29A191E5-70FC-439F-8B6A-F733D7D4B2DF}.Debug|Any CPU.Build.0 = Debug|Any CPU
		{29A191E5-70FC-439F-8B6A-F733D7D4B2DF}.Release|Any CPU.ActiveCfg = Release|Any CPU
		{29A191E5-70FC-439F-8B6A-F733D7D4B2DF}.Release|Any CPU.Build.0 = Release|Any CPU
		{EBE41F18-61C2-4021-AB34-23535F4F8786}.Debug|Any CPU.ActiveCfg = Debug|Any CPU
		{EBE41F18-61C2-4021-AB34-23535F4F8786}.Debug|Any CPU.Build.0 = Debug|Any CPU
		{EBE41F18-61C2-4021-AB34-23535F4F8786}.Release|Any CPU.ActiveCfg = Release|Any CPU
		{EBE41F18-61C2-4021-AB34-23535F4F8786}.Release|Any CPU.Build.0 = Release|Any CPU
		{968A71A1-A313-45B7-A6DE-D864866C2BE8}.Debug|Any CPU.ActiveCfg = Debug|Any CPU
		{968A71A1-A313-45B7-A6DE-D864866C2BE8}.Debug|Any CPU.Build.0 = Debug|Any CPU
		{968A71A1-A313-45B7-A6DE-D864866C2BE8}.Release|Any CPU.ActiveCfg = Release|Any CPU
		{968A71A1-A313-45B7-A6DE-D864866C2BE8}.Release|Any CPU.Build.0 = Release|Any CPU
		{51BCE76F-A1CB-463F-BE4F-2C4469726E5D}.Debug|Any CPU.ActiveCfg = Debug|Any CPU
		{51BCE76F-A1CB-463F-BE4F-2C4469726E5D}.Debug|Any CPU.Build.0 = Debug|Any CPU
		{51BCE76F-A1CB-463F-BE4F-2C4469726E5D}.Release|Any CPU.ActiveCfg = Release|Any CPU
		{51BCE76F-A1CB-463F-BE4F-2C4469726E5D}.Release|Any CPU.Build.0 = Release|Any CPU
	EndGlobalSection
	GlobalSection(SolutionProperties) = preSolution
		HideSolutionNode = FALSE
	EndGlobalSection
EndGlobal
